
Microsoft Visual Studio Solution File, Format Version 12.00
# Visual Studio 15
VisualStudioVersion = 15.0.26124.0
MinimumVisualStudioVersion = 15.0.26124.0
Project("{FAE04EC0-301F-11D3-BF4B-00C04F79EFBC}") = "HelloLibrary", "HelloLibrary\HelloLibrary.csproj", "{6A0B78EE-CF0A-4C60-AC81-7FA13415E9C9}"
EndProject
Project("{2150E333-8FDC-42A3-9474-1A3956D46DE8}") = "Solution Items", "Solution Items", "{3AA71D13-5BC3-4911-ADC4-CACBC1E2F720}"
ProjectSection(SolutionItems) = preProject
	Directory.Build.props = Directory.Build.props
	..\README.md = ..\README.md
EndProjectSection
EndProject
Project("{FAE04EC0-301F-11D3-BF4B-00C04F79EFBC}") = "HelloLibrary.Editor", "HelloLibrary.Editor\HelloLibrary.Editor.csproj", "{1650A3C9-9F23-4CA7-8C0B-CF8A625CD7A0}"
EndProject
Project("{FAE04EC0-301F-11D3-BF4B-00C04F79EFBC}") = "Sentry", "sentry-dotnet\src\Sentry\Sentry.csproj", "{685D3DD6-B563-4CAE-B52A-442A962483FD}"
EndProject
Global
	GlobalSection(SolutionConfigurationPlatforms) = preSolution
		Debug|Any CPU = Debug|Any CPU
		Debug|x64 = Debug|x64
		Debug|x86 = Debug|x86
		Release|Any CPU = Release|Any CPU
		Release|x64 = Release|x64
		Release|x86 = Release|x86
	EndGlobalSection
	GlobalSection(SolutionProperties) = preSolution
		HideSolutionNode = FALSE
	EndGlobalSection
	GlobalSection(ProjectConfigurationPlatforms) = postSolution
		{6A0B78EE-CF0A-4C60-AC81-7FA13415E9C9}.Debug|Any CPU.ActiveCfg = Debug|Any CPU
		{6A0B78EE-CF0A-4C60-AC81-7FA13415E9C9}.Debug|Any CPU.Build.0 = Debug|Any CPU
		{6A0B78EE-CF0A-4C60-AC81-7FA13415E9C9}.Debug|x64.ActiveCfg = Debug|Any CPU
		{6A0B78EE-CF0A-4C60-AC81-7FA13415E9C9}.Debug|x64.Build.0 = Debug|Any CPU
		{6A0B78EE-CF0A-4C60-AC81-7FA13415E9C9}.Debug|x86.ActiveCfg = Debug|Any CPU
		{6A0B78EE-CF0A-4C60-AC81-7FA13415E9C9}.Debug|x86.Build.0 = Debug|Any CPU
		{6A0B78EE-CF0A-4C60-AC81-7FA13415E9C9}.Release|Any CPU.ActiveCfg = Release|Any CPU
		{6A0B78EE-CF0A-4C60-AC81-7FA13415E9C9}.Release|Any CPU.Build.0 = Release|Any CPU
		{6A0B78EE-CF0A-4C60-AC81-7FA13415E9C9}.Release|x64.ActiveCfg = Release|Any CPU
		{6A0B78EE-CF0A-4C60-AC81-7FA13415E9C9}.Release|x64.Build.0 = Release|Any CPU
		{6A0B78EE-CF0A-4C60-AC81-7FA13415E9C9}.Release|x86.ActiveCfg = Release|Any CPU
		{6A0B78EE-CF0A-4C60-AC81-7FA13415E9C9}.Release|x86.Build.0 = Release|Any CPU
		{1650A3C9-9F23-4CA7-8C0B-CF8A625CD7A0}.Debug|Any CPU.ActiveCfg = Debug|Any CPU
		{1650A3C9-9F23-4CA7-8C0B-CF8A625CD7A0}.Debug|Any CPU.Build.0 = Debug|Any CPU
		{1650A3C9-9F23-4CA7-8C0B-CF8A625CD7A0}.Debug|x64.ActiveCfg = Debug|Any CPU
		{1650A3C9-9F23-4CA7-8C0B-CF8A625CD7A0}.Debug|x64.Build.0 = Debug|Any CPU
		{1650A3C9-9F23-4CA7-8C0B-CF8A625CD7A0}.Debug|x86.ActiveCfg = Debug|Any CPU
		{1650A3C9-9F23-4CA7-8C0B-CF8A625CD7A0}.Debug|x86.Build.0 = Debug|Any CPU
		{1650A3C9-9F23-4CA7-8C0B-CF8A625CD7A0}.Release|Any CPU.ActiveCfg = Release|Any CPU
		{1650A3C9-9F23-4CA7-8C0B-CF8A625CD7A0}.Release|Any CPU.Build.0 = Release|Any CPU
		{1650A3C9-9F23-4CA7-8C0B-CF8A625CD7A0}.Release|x64.ActiveCfg = Release|Any CPU
		{1650A3C9-9F23-4CA7-8C0B-CF8A625CD7A0}.Release|x64.Build.0 = Release|Any CPU
		{1650A3C9-9F23-4CA7-8C0B-CF8A625CD7A0}.Release|x86.ActiveCfg = Release|Any CPU
		{1650A3C9-9F23-4CA7-8C0B-CF8A625CD7A0}.Release|x86.Build.0 = Release|Any CPU
		{685D3DD6-B563-4CAE-B52A-442A962483FD}.Debug|Any CPU.ActiveCfg = Debug|Any CPU
		{685D3DD6-B563-4CAE-B52A-442A962483FD}.Debug|Any CPU.Build.0 = Debug|Any CPU
		{685D3DD6-B563-4CAE-B52A-442A962483FD}.Debug|x64.ActiveCfg = Debug|Any CPU
		{685D3DD6-B563-4CAE-B52A-442A962483FD}.Debug|x64.Build.0 = Debug|Any CPU
		{685D3DD6-B563-4CAE-B52A-442A962483FD}.Debug|x86.ActiveCfg = Debug|Any CPU
		{685D3DD6-B563-4CAE-B52A-442A962483FD}.Debug|x86.Build.0 = Debug|Any CPU
		{685D3DD6-B563-4CAE-B52A-442A962483FD}.Release|Any CPU.ActiveCfg = Release|Any CPU
		{685D3DD6-B563-4CAE-B52A-442A962483FD}.Release|Any CPU.Build.0 = Release|Any CPU
		{685D3DD6-B563-4CAE-B52A-442A962483FD}.Release|x64.ActiveCfg = Release|Any CPU
		{685D3DD6-B563-4CAE-B52A-442A962483FD}.Release|x64.Build.0 = Release|Any CPU
		{685D3DD6-B563-4CAE-B52A-442A962483FD}.Release|x86.ActiveCfg = Release|Any CPU
		{685D3DD6-B563-4CAE-B52A-442A962483FD}.Release|x86.Build.0 = Release|Any CPU
	EndGlobalSection
EndGlobal
